github.com/pedroalbanese/xz v0.5.11 h1:UWSPsegJVlsUfGPU9U7MLopdGZd+H1Sh/wUPQCHPLjg=
github.com/pedroalbanese/xz v0.5.11/go.mod h1:WyD7Y3Ni4HIwJXNFireKn5K923DHMH5JrhAS7ug+RGM=
github.com/ulikunitz/xz v0.5.10 h1:t92gobL9l3HE202wg3rlk19F6X+JOxl9BBrCCMYEYd8=
github.com/ulikunitz/xz v0.5.10/go.mod h1:nbz6k7qbPmH4IRqmfOplQw/tblSgqTqBwxkY0oWt/14=
